// !$*UTF8*$!
{
	archiveVersion = 1;
	classes = {
	};
	objectVersion = 55;
	objects = {

/* Begin PBXBuildFile section */
		0F19B441271E6A0D000EE531 /* CollView.swift in Sources */ = {isa = PBXBuildFile; fileRef = 0F19B440271E6A0D000EE531 /* CollView.swift */; };
		0F19B444271EBD91000EE531 /* CoverCell.swift in Sources */ = {isa = PBXBuildFile; fileRef = 0F19B442271EBD91000EE531 /* CoverCell.swift */; };
		0F19B445271EBD91000EE531 /* CoverCell.xib in Resources */ = {isa = PBXBuildFile; fileRef = 0F19B443271EBD91000EE531 /* CoverCell.xib */; };
		0F7F4ED2270EC99F00E9C67A /* TableViewVC.swift in Sources */ = {isa = PBXBuildFile; fileRef = 0F7F4ED0270EC99F00E9C67A /* TableViewVC.swift */; };
		0F7F4ED3270EC99F00E9C67A /* TableViewVC.xib in Resources */ = {isa = PBXBuildFile; fileRef = 0F7F4ED1270EC99F00E9C67A /* TableViewVC.xib */; };
		0F7F4ED7270ECE0B00E9C67A /* TableViewCell.swift in Sources */ = {isa = PBXBuildFile; fileRef = 0F7F4ED5270ECE0B00E9C67A /* TableViewCell.swift */; };
		0F7F4ED8270ECE0B00E9C67A /* TableViewCell.xib in Resources */ = {isa = PBXBuildFile; fileRef = 0F7F4ED6270ECE0B00E9C67A /* TableViewCell.xib */; };
		0F7F4EDB270ED3D800E9C67A /* CollectionViewCell.swift in Sources */ = {isa = PBXBuildFile; fileRef = 0F7F4ED9270ED3D800E9C67A /* CollectionViewCell.swift */; };
		0F7F4EDC270ED3D800E9C67A /* CollectionViewCell.xib in Resources */ = {isa = PBXBuildFile; fileRef = 0F7F4EDA270ED3D800E9C67A /* CollectionViewCell.xib */; };
		0F8691ED270EC3FD00C890ED /* AppDelegate.swift in Sources */ = {isa = PBXBuildFile; fileRef = 0F8691EC270EC3FD00C890ED /* AppDelegate.swift */; };
		0F8691EF270EC3FD00C890ED /* SceneDelegate.swift in Sources */ = {isa = PBXBuildFile; fileRef = 0F8691EE270EC3FD00C890ED /* SceneDelegate.swift */; };
		0F8691F6270EC3FF00C890ED /* Assets.xcassets in Resources */ = {isa = PBXBuildFile; fileRef = 0F8691F5270EC3FF00C890ED /* Assets.xcassets */; };
		0F8691F9270EC3FF00C890ED /* LaunchScreen.storyboard in Resources */ = {isa = PBXBuildFile; fileRef = 0F8691F7270EC3FF00C890ED /* LaunchScreen.storyboard */; };
/* End PBXBuildFile section */

/* Begin PBXFileReference section */
		0F19B440271E6A0D000EE531 /* CollView.swift */ = {isa = PBXFileReference; lastKnownFileType = sourcecode.swift; path = CollView.swift; sourceTree = "<group>"; };
		0F19B442271EBD91000EE531 /* CoverCell.swift */ = {isa = PBXFileReference; lastKnownFileType = sourcecode.swift; path = CoverCell.swift; sourceTree = "<group>"; };
		0F19B443271EBD91000EE531 /* CoverCell.xib */ = {isa = PBXFileReference; lastKnownFileType = file.xib; path = CoverCell.xib; sourceTree = "<group>"; };
		0F7F4ED0270EC99F00E9C67A /* TableViewVC.swift */ = {isa = PBXFileReference; lastKnownFileType = sourcecode.swift; path = TableViewVC.swift; sourceTree = "<group>"; };
		0F7F4ED1270EC99F00E9C67A /* TableViewVC.xib */ = {isa = PBXFileReference; lastKnownFileType = file.xib; path = TableViewVC.xib; sourceTree = "<group>"; };
		0F7F4ED5270ECE0B00E9C67A /* TableViewCell.swift */ = {isa = PBXFileReference; lastKnownFileType = sourcecode.swift; path = TableViewCell.swift; sourceTree = "<group>"; };
		0F7F4ED6270ECE0B00E9C67A /* TableViewCell.xib */ = {isa = PBXFileReference; lastKnownFileType = file.xib; path = TableViewCell.xib; sourceTree = "<group>"; };
		0F7F4ED9270ED3D800E9C67A /* CollectionViewCell.swift */ = {isa = PBXFileReference; lastKnownFileType = sourcecode.swift; path = CollectionViewCell.swift; sourceTree = "<group>"; };
		0F7F4EDA270ED3D800E9C67A /* CollectionViewCell.xib */ = {isa = PBXFileReference; lastKnownFileType = file.xib; path = CollectionViewCell.xib; sourceTree = "<group>"; };
		0F8691E9270EC3FD00C890ED /* Tableview+ControllerView.app */ = {isa = PBXFileReference; explicitFileType = wrapper.application; includeInIndex = 0; path = "Tableview+ControllerView.app"; sourceTree = BUILT_PRODUCTS_DIR; };
		0F8691EC270EC3FD00C890ED /* AppDelegate.swift */ = {isa = PBXFileReference; lastKnownFileType = sourcecode.swift; path = AppDelegate.swift; sourceTree = "<group>"; };
		0F8691EE270EC3FD00C890ED /* SceneDelegate.swift */ = {isa = PBXFileReference; lastKnownFileType = sourcecode.swift; path = SceneDelegate.swift; sourceTree = "<group>"; };
		0F8691F5270EC3FF00C890ED /* Assets.xcassets */ = {isa = PBXFileReference; lastKnownFileType = folder.assetcatalog; path = Assets.xcassets; sourceTree = "<group>"; };
		0F8691F8270EC3FF00C890ED /* Base */ = {isa = PBXFileReference; lastKnownFileType = file.storyboard; name = Base; path = Base.lproj/LaunchScreen.storyboard; sourceTree = "<group>"; };
		0F8691FA270EC3FF00C890ED /* Info.plist */ = {isa = PBXFileReference; lastKnownFileType = text.plist.xml; path = Info.plist; sourceTree = "<group>"; };
/* End PBXFileReference section */

/* Begin PBXFrameworksBuildPhase section */
		0F8691E6270EC3FD00C890ED /* Frameworks */ = {
			isa = PBXFrameworksBuildPhase;
			buildActionMask = 2147483647;
			files = (
			);
			runOnlyForDeploymentPostprocessing = 0;
		};
/* End PBXFrameworksBuildPhase section */

/* Begin PBXGroup section */
		0F19B43F271E69E5000EE531 /* 客制CollectionView */ = {
			isa = PBXGroup;
			children = (
				0F19B440271E6A0D000EE531 /* CollView.swift */,
				0F19B442271EBD91000EE531 /* CoverCell.swift */,
				0F19B443271EBD91000EE531 /* CoverCell.xib */,
			);
			path = "客制CollectionView";
			sourceTree = "<group>";
		};
		0F7F4ED4270ECDF500E9C67A /* cell */ = {
			isa = PBXGroup;
			children = (
				0F7F4ED5270ECE0B00E9C67A /* TableViewCell.swift */,
				0F7F4ED6270ECE0B00E9C67A /* TableViewCell.xib */,
				0F7F4ED9270ED3D800E9C67A /* CollectionViewCell.swift */,
				0F7F4EDA270ED3D800E9C67A /* CollectionViewCell.xib */,
			);
			path = cell;
			sourceTree = "<group>";
		};
		0F8691E0270EC3FD00C890ED = {
			isa = PBXGroup;
			children = (
				0F8691EB270EC3FD00C890ED /* Tableview+ControllerView */,
				0F8691EA270EC3FD00C890ED /* Products */,
			);
			sourceTree = "<group>";
		};
		0F8691EA270EC3FD00C890ED /* Products */ = {
			isa = PBXGroup;
			children = (
				0F8691E9270EC3FD00C890ED /* Tableview+ControllerView.app */,
			);
			name = Products;
			sourceTree = "<group>";
		};
		0F8691EB270EC3FD00C890ED /* Tableview+ControllerView */ = {
			isa = PBXGroup;
			children = (
				0F19B43F271E69E5000EE531 /* 客制CollectionView */,
				0F869200270EC41300C890ED /* main */,
				0F7F4ED4270ECDF500E9C67A /* cell */,
				0F8691EC270EC3FD00C890ED /* AppDelegate.swift */,
				0F8691EE270EC3FD00C890ED /* SceneDelegate.swift */,
				0F8691F5270EC3FF00C890ED /* Assets.xcassets */,
				0F8691F7270EC3FF00C890ED /* LaunchScreen.storyboard */,
				0F8691FA270EC3FF00C890ED /* Info.plist */,
			);
			path = "Tableview+ControllerView";
			sourceTree = "<group>";
		};
		0F869200270EC41300C890ED /* main */ = {
			isa = PBXGroup;
			children = (
				0F7F4ED0270EC99F00E9C67A /* TableViewVC.swift */,
				0F7F4ED1270EC99F00E9C67A /* TableViewVC.xib */,
			);
			path = main;
			sourceTree = "<group>";
		};
/* End PBXGroup section */

/* Begin PBXNativeTarget section */
		0F8691E8270EC3FD00C890ED /* Tableview+ControllerView */ = {
			isa = PBXNativeTarget;
			buildConfigurationList = 0F8691FD270EC3FF00C890ED /* Build configuration list for PBXNativeTarget "Tableview+ControllerView" */;
			buildPhases = (
				0F8691E5270EC3FD00C890ED /* Sources */,
				0F8691E6270EC3FD00C890ED /* Frameworks */,
				0F8691E7270EC3FD00C890ED /* Resources */,
			);
			buildRules = (
			);
			dependencies = (
			);
			name = "Tableview+ControllerView";
			productName = "Tableview+ControllerView";
			productReference = 0F8691E9270EC3FD00C890ED /* Tableview+ControllerView.app */;
			productType = "com.apple.product-type.application";
		};
/* End PBXNativeTarget section */

/* Begin PBXProject section */
		0F8691E1270EC3FD00C890ED /* Project object */ = {
			isa = PBXProject;
			attributes = {
				BuildIndependentTargetsInParallel = 1;
				LastSwiftUpdateCheck = 1300;
				LastUpgradeCheck = 1300;
				TargetAttributes = {
					0F8691E8270EC3FD00C890ED = {
						CreatedOnToolsVersion = 13.0;
					};
				};
			};
			buildConfigurationList = 0F8691E4270EC3FD00C890ED /* Build configuration list for PBXProject "Tableview+ControllerView" */;
			compatibilityVersion = "Xcode 13.0";
			developmentRegion = en;
			hasScannedForEncodings = 0;
			knownRegions = (
				en,
				Base,
			);
			mainGroup = 0F8691E0270EC3FD00C890ED;
			productRefGroup = 0F8691EA270EC3FD00C890ED /* Products */;
			projectDirPath = "";
			projectRoot = "";
			targets = (
				0F8691E8270EC3FD00C890ED /* Tableview+ControllerView */,
			);
		};
/* End PBXProject section */

/* Begin PBXResourcesBuildPhase section */
		0F8691E7270EC3FD00C890ED /* Resources */ = {
			isa = PBXResourcesBuildPhase;
			buildActionMask = 2147483647;
			files = (
				0F7F4ED3270EC99F00E9C67A /* TableViewVC.xib in Resources */,
				0F7F4ED8270ECE0B00E9C67A /* TableViewCell.xib in Resources */,
				0F8691F9270EC3FF00C890ED /* LaunchScreen.storyboard in Resources */,
				0F19B445271EBD91000EE531 /* CoverCell.xib in Resources */,
				0F8691F6270EC3FF00C890ED /* Assets.xcassets in Resources */,
				0F7F4EDC270ED3D800E9C67A /* CollectionViewCell.xib in Resources */,
			);
			runOnlyForDeploymentPostprocessing = 0;
		};
/* End PBXResourcesBuildPhase section */

/* Begin PBXSourcesBuildPhase section */
		0F8691E5270EC3FD00C890ED /* Sources */ = {
			isa = PBXSourcesBuildPhase;
			buildActionMask = 2147483647;
			files = (
				0F7F4EDB270ED3D800E9C67A /* CollectionViewCell.swift in Sources */,
				0F19B444271EBD91000EE531 /* CoverCell.swift in Sources */,
				0F7F4ED2270EC99F00E9C67A /* TableViewVC.swift in Sources */,
				0F19B441271E6A0D000EE531 /* CollView.swift in Sources */,
				0F7F4ED7270ECE0B00E9C67A /* TableViewCell.swift in Sources */,
				0F8691ED270EC3FD00C890ED /* AppDelegate.swift in Sources */,
				0F8691EF270EC3FD00C890ED /* SceneDelegate.swift in Sources */,
			);
			runOnlyForDeploymentPostprocessing = 0;
		};
/* End PBXSourcesBuildPhase section */

/* Begin PBXVariantGroup section */
		0F8691F7270EC3FF00C890ED /* LaunchScreen.storyboard */ = {
			isa = PBXVariantGroup;
			children = (
				0F8691F8270EC3FF00C890ED /* Base */,
			);
			name = LaunchScreen.storyboard;
			sourceTree = "<group>";
		};
/* End PBXVariantGroup section */

/* Begin XCBuildConfiguration section */
		0F8691FB270EC3FF00C890ED /* Debug */ = {
			isa = XCBuildConfiguration;
			buildSettings = {
				ALWAYS_SEARCH_USER_PATHS = NO;
				CLANG_ANALYZER_NONNULL = YES;
				CLANG_ANALYZER_NUMBER_OBJECT_CONVERSION = YES_AGGRESSIVE;
				CLANG_CXX_LANGUAGE_STANDARD = "gnu++17";
				CLANG_CXX_LIBRARY = "libc++";
				CLANG_ENABLE_MODULES = YES;
				CLANG_ENABLE_OBJC_ARC = YES;
				CLANG_ENABLE_OBJC_WEAK = YES;
				CLANG_WARN_BLOCK_CAPTURE_AUTORELEASING = YES;
				CLANG_WARN_BOOL_CONVERSION = YES;
				CLANG_WARN_COMMA = YES;
				CLANG_WARN_CONSTANT_CONVERSION = YES;
				CLANG_WARN_DEPRECATED_OBJC_IMPLEMENTATIONS = YES;
				CLANG_WARN_DIRECT_OBJC_ISA_USAGE = YES_ERROR;
				CLANG_WARN_DOCUMENTATION_COMMENTS = YES;
				CLANG_WARN_EMPTY_BODY = YES;
				CLANG_WARN_ENUM_CONVERSION = YES;
				CLANG_WARN_INFINITE_RECURSION = YES;
				CLANG_WARN_INT_CONVERSION = YES;
				CLANG_WARN_NON_LITERAL_NULL_CONVERSION = YES;
				CLANG_WARN_OBJC_IMPLICIT_RETAIN_SELF = YES;
				CLANG_WARN_OBJC_LITERAL_CONVERSION = YES;
				CLANG_WARN_OBJC_ROOT_CLASS = YES_ERROR;
				CLANG_WARN_QUOTED_INCLUDE_IN_FRAMEWORK_HEADER = YES;
				CLANG_WARN_RANGE_LOOP_ANALYSIS = YES;
				CLANG_WARN_STRICT_PROTOTYPES = YES;
				CLANG_WARN_SUSPICIOUS_MOVE = YES;
				CLANG_WARN_UNGUARDED_AVAILABILITY = YES_AGGRESSIVE;
				CLANG_WARN_UNREACHABLE_CODE = YES;
				CLANG_WARN__DUPLICATE_METHOD_MATCH = YES;
				COPY_PHASE_STRIP = NO;
				DEBUG_INFORMATION_FORMAT = dwarf;
				ENABLE_STRICT_OBJC_MSGSEND = YES;
				ENABLE_TESTABILITY = YES;
				GCC_C_LANGUAGE_STANDARD = gnu11;
				GCC_DYNAMIC_NO_PIC = NO;
				GCC_NO_COMMON_BLOCKS = YES;
				GCC_OPTIMIZATION_LEVEL = 0;
				GCC_PREPROCESSOR_DEFINITIONS = (
					"DEBUG=1",
					"$(inherited)",
				);
				GCC_WARN_64_TO_32_BIT_CONVERSION = YES;
				GCC_WARN_ABOUT_RETURN_TYPE = YES_ERROR;
				GCC_WARN_UNDECLARED_SELECTOR = YES;
				GCC_WARN_UNINITIALIZED_AUTOS = YES_AGGRESSIVE;
				GCC_WARN_UNUSED_FUNCTION = YES;
				GCC_WARN_UNUSED_VARIABLE = YES;
				IPHONEOS_DEPLOYMENT_TARGET = 13.0;
				MTL_ENABLE_DEBUG_INFO = INCLUDE_SOURCE;
				MTL_FAST_MATH = YES;
				ONLY_ACTIVE_ARCH = YES;
				SDKROOT = iphoneos;
				SWIFT_ACTIVE_COMPILATION_CONDITIONS = DEBUG;
				SWIFT_OPTIMIZATION_LEVEL = "-Onone";
			};
			name = Debug;
		};
		0F8691FC270EC3FF00C890ED /* Release */ = {
			isa = XCBuildConfiguration;
			buildSettings = {
				ALWAYS_SEARCH_USER_PATHS = NO;
				CLANG_ANALYZER_NONNULL = YES;
				CLANG_ANALYZER_NUMBER_OBJECT_CONVERSION = YES_AGGRESSIVE;
				CLANG_CXX_LANGUAGE_STANDARD = "gnu++17";
				CLANG_CXX_LIBRARY = "libc++";
				CLANG_ENABLE_MODULES = YES;
				CLANG_ENABLE_OBJC_ARC = YES;
				CLANG_ENABLE_OBJC_WEAK = YES;
				CLANG_WARN_BLOCK_CAPTURE_AUTORELEASING = YES;
				CLANG_WARN_BOOL_CONVERSION = YES;
				CLANG_WARN_COMMA = YES;
				CLANG_WARN_CONSTANT_CONVERSION = YES;
				CLANG_WARN_DEPRECATED_OBJC_IMPLEMENTATIONS = YES;
				CLANG_WARN_DIRECT_OBJC_ISA_USAGE = YES_ERROR;
				CLANG_WARN_DOCUMENTATION_COMMENTS = YES;
				CLANG_WARN_EMPTY_BODY = YES;
				CLANG_WARN_ENUM_CONVERSION = YES;
				CLANG_WARN_INFINITE_RECURSION = YES;
				CLANG_WARN_INT_CONVERSION = YES;
				CLANG_WARN_NON_LITERAL_NULL_CONVERSION = YES;
				CLANG_WARN_OBJC_IMPLICIT_RETAIN_SELF = YES;
				CLANG_WARN_OBJC_LITERAL_CONVERSION = YES;
				CLANG_WARN_OBJC_ROOT_CLASS = YES_ERROR;
				CLANG_WARN_QUOTED_INCLUDE_IN_FRAMEWORK_HEADER = YES;
				CLANG_WARN_RANGE_LOOP_ANALYSIS = YES;
				CLANG_WARN_STRICT_PROTOTYPES = YES;
				CLANG_WARN_SUSPICIOUS_MOVE = YES;
				CLANG_WARN_UNGUARDED_AVAILABILITY = YES_AGGRESSIVE;
				CLANG_WARN_UNREACHABLE_CODE = YES;
				CLANG_WARN__DUPLICATE_METHOD_MATCH = YES;
				COPY_PHASE_STRIP = NO;
				DEBUG_INFORMATION_FORMAT = "dwarf-with-dsym";
				ENABLE_NS_ASSERTIONS = NO;
				ENABLE_STRICT_OBJC_MSGSEND = YES;
				GCC_C_LANGUAGE_STANDARD = gnu11;
				GCC_NO_COMMON_BLOCKS = YES;
				GCC_WARN_64_TO_32_BIT_CONVERSION = YES;
				GCC_WARN_ABOUT_RETURN_TYPE = YES_ERROR;
				GCC_WARN_UNDECLARED_SELECTOR = YES;
				GCC_WARN_UNINITIALIZED_AUTOS = YES_AGGRESSIVE;
				GCC_WARN_UNUSED_FUNCTION = YES;
				GCC_WARN_UNUSED_VARIABLE = YES;
				IPHONEOS_DEPLOYMENT_TARGET = 13.0;
				MTL_ENABLE_DEBUG_INFO = NO;
				MTL_FAST_MATH = YES;
				SDKROOT = iphoneos;
				SWIFT_COMPILATION_MODE = wholemodule;
				SWIFT_OPTIMIZATION_LEVEL = "-O";
				VALIDATE_PRODUCT = YES;
			};
			name = Release;
		};
		0F8691FE270EC3FF00C890ED /* Debug */ = {
			isa = XCBuildConfiguration;
			buildSettings = {
				ASSETCATALOG_COMPILER_APPICON_NAME = AppIcon;
				ASSETCATALOG_COMPILER_GLOBAL_ACCENT_COLOR_NAME = AccentColor;
				CODE_SIGN_STYLE = Automatic;
				CURRENT_PROJECT_VERSION = 1;
				DEVELOPMENT_TEAM = 78YR4F4C59;
				GENERATE_INFOPLIST_FILE = YES;
				INFOPLIST_FILE = "Tableview+ControllerView/Info.plist";
				INFOPLIST_KEY_UIApplicationSupportsIndirectInputEvents = YES;
				INFOPLIST_KEY_UILaunchStoryboardName = LaunchScreen;
				INFOPLIST_KEY_UISupportedInterfaceOrientations_iPad = "UIInterfaceOrientationPortrait UIInterfaceOrientationPortraitUpsideDown UIInterfaceOrientationLandscapeLeft UIInterfaceOrientationLandscapeRight";
				INFOPLIST_KEY_UISupportedInterfaceOrientations_iPhone = "UIInterfaceOrientationPortrait UIInterfaceOrientationLandscapeLeft UIInterfaceOrientationLandscapeRight";
				LD_RUNPATH_SEARCH_PATHS = (
					"$(inherited)",
					"@executable_path/Frameworks",
				);
				MARKETING_VERSION = 1.0;
				PRODUCT_BUNDLE_IDENTIFIER = "tteesstt.Tableview-ControllerView";
				PRODUCT_NAME = "$(TARGET_NAME)";
				SWIFT_EMIT_LOC_STRINGS = YES;
				SWIFT_VERSION = 5.0;
				TARGETED_DEVICE_FAMILY = "1,2";
			};
			name = Debug;
		};
		0F8691FF270EC3FF00C890ED /* Release */ = {
			isa = XCBuildConfiguration;
			buildSettings = {
				ASSETCATALOG_COMPILER_APPICON_NAME = AppIcon;
				ASSETCATALOG_COMPILER_GLOBAL_ACCENT_COLOR_NAME = AccentColor;
				CODE_SIGN_STYLE = Automatic;
				CURRENT_PROJECT_VERSION = 1;
				DEVELOPMENT_TEAM = 78YR4F4C59;
				GENERATE_INFOPLIST_FILE = YES;
				INFOPLIST_FILE = "Tableview+ControllerView/Info.plist";
				INFOPLIST_KEY_UIApplicationSupportsIndirectInputEvents = YES;
				INFOPLIST_KEY_UILaunchStoryboardName = LaunchScreen;
				INFOPLIST_KEY_UISupportedInterfaceOrientations_iPad = "UIInterfaceOrientationPortrait UIInterfaceOrientationPortraitUpsideDown UIInterfaceOrientationLandscapeLeft UIInterfaceOrientationLandscapeRight";
				INFOPLIST_KEY_UISupportedInterfaceOrientations_iPhone = "UIInterfaceOrientationPortrait UIInterfaceOrientationLandscapeLeft UIInterfaceOrientationLandscapeRight";
				LD_RUNPATH_SEARCH_PATHS = (
					"$(inherited)",
					"@executable_path/Frameworks",
				);
				MARKETING_VERSION = 1.0;
				PRODUCT_BUNDLE_IDENTIFIER = "tteesstt.Tableview-ControllerView";
				PRODUCT_NAME = "$(TARGET_NAME)";
				SWIFT_EMIT_LOC_STRINGS = YES;
				SWIFT_VERSION = 5.0;
				TARGETED_DEVICE_FAMILY = "1,2";
			};
			name = Release;
		};
/* End XCBuildConfiguration section */

/* Begin XCConfigurationList section */
		0F8691E4270EC3FD00C890ED /* Build configuration list for PBXProject "Tableview+ControllerView" */ = {
			isa = XCConfigurationList;
			buildConfigurations = (
				0F8691FB270EC3FF00C890ED /* Debug */,
				0F8691FC270EC3FF00C890ED /* Release */,
			);
			defaultConfigurationIsVisible = 0;
			defaultConfigurationName = Release;
		};
		0F8691FD270EC3FF00C890ED /* Build configuration list for PBXNativeTarget "Tableview+ControllerView" */ = {
			isa = XCConfigurationList;
			buildConfigurations = (
				0F8691FE270EC3FF00C890ED /* Debug */,
				0F8691FF270EC3FF00C890ED /* Release */,
			);
			defaultConfigurationIsVisible = 0;
			defaultConfigurationName = Release;
		};
/* End XCConfigurationList section */
	};
	rootObject = 0F8691E1270EC3FD00C890ED /* Project object */;
}
